
Microsoft Visual Studio Solution File, Format Version 12.00
# Visual Studio 15
VisualStudioVersion = 15.0.28307.136
MinimumVisualStudioVersion = 10.0.40219.1
Project("{FAE04EC0-301F-11D3-BF4B-00C04F79EFBC}") = "SMDataExport", "SMDataExport\SMDataExport.csproj", "{FFF48B76-8270-4B55-A043-A9622B705943}"
EndProject
Global
	GlobalSection(SolutionConfigurationPlatforms) = preSolution
		Debug|Any CPU = Debug|Any CPU
		Release|Any CPU = Release|Any CPU
	EndGlobalSection
	GlobalSection(ProjectConfigurationPlatforms) = postSolution
		{FFF48B76-8270-4B55-A043-A9622B705943}.Debug|Any CPU.ActiveCfg = Debug|Any CPU
		{FFF48B76-8270-4B55-A043-A9622B705943}.Debug|Any CPU.Build.0 = Debug|Any CPU
		{FFF48B76-8270-4B55-A043-A9622B705943}.Release|Any CPU.ActiveCfg = Release|Any CPU
		{FFF48B76-8270-4B55-A043-A9622B705943}.Release|Any CPU.Build.0 = Release|Any CPU
	EndGlobalSection
	GlobalSection(SolutionProperties) = preSolution
		HideSolutionNode = FALSE
	EndGlobalSection
	GlobalSection(ExtensibilityGlobals) = postSolution
		SolutionGuid = {C991CB12-182A-400D-83C5-8E82C9591F9C}
	EndGlobalSection
EndGlobal
